{
  "name": "mpeg_audio_info",
  "version": "1.0.0",
  "lockfileVersion": 1,
  "requires": true,
  "dependencies": {
    "bitwise": {
      "version": "2.0.4",
      "resolved": "https://registry.npmjs.org/bitwise/-/bitwise-2.0.4.tgz",
      "integrity": "sha512-ZOByl1Sc8SH2/owfRfR1apaC1ELNqHqAAtfqs1Ixqk/9Bod6VxWz10MiMYXkNiL95RdFAqOGQxm1TCGPf1iFyw=="
    },
    "buffered-writer": {
      "version": "0.2.3",
      "resolved": "https://registry.npmjs.org/buffered-writer/-/buffered-writer-0.2.3.tgz",
      "integrity": "sha1-+tjUlahps87DXTBFMQyczgcbcVg=",
      "requires": {
        "error-provider": "0.0.6"
      }
    },
    "error-provider": {
      "version": "0.0.6",
      "resolved": "https://registry.npmjs.org/error-provider/-/error-provider-0.0.6.tgz",
      "integrity": "sha1-N5NsenbIavrsdK8PJUK59b7jBrA="
    },
    "mp3-parser": {
      "version": "0.3.0",
      "resolved": "https://registry.npmjs.org/mp3-parser/-/mp3-parser-0.3.0.tgz",
      "integrity": "sha1-9lkmivuDJt7VzaMC7aO6UrD2GHQ="
    }
  }
}
